
Microsoft Visual Studio Solution File, Format Version 12.00
# Visual Studio Version 16
VisualStudioVersion = 16.0.30621.155
MinimumVisualStudioVersion = 10.0.40219.1
Project("{9A19103F-16F7-4668-BE54-9A1E7A4F7556}") = "Quini6CLI", "Quini6CLI.csproj", "{750EDBE8-842B-49B8-B90A-5A08B2273028}"
EndProject
Global
	GlobalSection(SolutionConfigurationPlatforms) = preSolution
		Debug|Any CPU = Debug|Any CPU
		Debug|x64 = Debug|x64
		Release|Any CPU = Release|Any CPU
		Release|x64 = Release|x64
	EndGlobalSection
	GlobalSection(ProjectConfigurationPlatforms) = postSolution
		{750EDBE8-842B-49B8-B90A-5A08B2273028}.Debug|Any CPU.ActiveCfg = Debug|Any CPU
		{750EDBE8-842B-49B8-B90A-5A08B2273028}.Debug|Any CPU.Build.0 = Debug|Any CPU
		{750EDBE8-842B-49B8-B90A-5A08B2273028}.Debug|x64.ActiveCfg = Debug|x64
		{750EDBE8-842B-49B8-B90A-5A08B2273028}.Debug|x64.Build.0 = Debug|x64
		{750EDBE8-842B-49B8-B90A-5A08B2273028}.Release|Any CPU.ActiveCfg = Release|Any CPU
		{750EDBE8-842B-49B8-B90A-5A08B2273028}.Release|Any CPU.Build.0 = Release|Any CPU
		{750EDBE8-842B-49B8-B90A-5A08B2273028}.Release|x64.ActiveCfg = Release|x64
		{750EDBE8-842B-49B8-B90A-5A08B2273028}.Release|x64.Build.0 = Release|x64
	EndGlobalSection
	GlobalSection(SolutionProperties) = preSolution
		HideSolutionNode = FALSE
	EndGlobalSection
	GlobalSection(ExtensibilityGlobals) = postSolution
		SolutionGuid = {64DBB839-A707-49AA-B405-425C2DCDE87A}
	EndGlobalSection
EndGlobal
